// !$*UTF8*$!
{
	archiveVersion = 1;
	classes = {
	};
	objectVersion = 46;
	objects = {

/* Begin PBXBuildFile section */
		EB48A6BE1A844709008E8098 /* MKAnnotationView+WebCache.m in Sources */ = {isa = PBXBuildFile; fileRef = EB48A69E1A844709008E8098 /* MKAnnotationView+WebCache.m */; };
		EB48A6BF1A844709008E8098 /* NSData+ImageContentType.m in Sources */ = {isa = PBXBuildFile; fileRef = EB48A6A01A844709008E8098 /* NSData+ImageContentType.m */; };
		EB48A6C01A844709008E8098 /* SDImageCache.m in Sources */ = {isa = PBXBuildFile; fileRef = EB48A6A21A844709008E8098 /* SDImageCache.m */; };
		EB48A6C11A844709008E8098 /* SDWebImageCompat.m in Sources */ = {isa = PBXBuildFile; fileRef = EB48A6A41A844709008E8098 /* SDWebImageCompat.m */; };
		EB48A6C21A844709008E8098 /* SDWebImageDecoder.m in Sources */ = {isa = PBXBuildFile; fileRef = EB48A6A61A844709008E8098 /* SDWebImageDecoder.m */; };
		EB48A6C31A844709008E8098 /* SDWebImageDownloader.m in Sources */ = {isa = PBXBuildFile; fileRef = EB48A6A81A844709008E8098 /* SDWebImageDownloader.m */; };
		EB48A6C41A844709008E8098 /* SDWebImageDownloaderOperation.m in Sources */ = {isa = PBXBuildFile; fileRef = EB48A6AA1A844709008E8098 /* SDWebImageDownloaderOperation.m */; };
		EB48A6C51A844709008E8098 /* SDWebImageManager.m in Sources */ = {isa = PBXBuildFile; fileRef = EB48A6AC1A844709008E8098 /* SDWebImageManager.m */; };
		EB48A6C61A844709008E8098 /* SDWebImagePrefetcher.m in Sources */ = {isa = PBXBuildFile; fileRef = EB48A6AF1A844709008E8098 /* SDWebImagePrefetcher.m */; };
		EB48A6C71A844709008E8098 /* UIButton+WebCache.m in Sources */ = {isa = PBXBuildFile; fileRef = EB48A6B11A844709008E8098 /* UIButton+WebCache.m */; };
		EB48A6C81A844709008E8098 /* UIImage+GIF.m in Sources */ = {isa = PBXBuildFile; fileRef = EB48A6B31A844709008E8098 /* UIImage+GIF.m */; };
		EB48A6C91A844709008E8098 /* UIImage+MultiFormat.m in Sources */ = {isa = PBXBuildFile; fileRef = EB48A6B51A844709008E8098 /* UIImage+MultiFormat.m */; };
		EB48A6CA1A844709008E8098 /* UIImage+WebP.m in Sources */ = {isa = PBXBuildFile; fileRef = EB48A6B71A844709008E8098 /* UIImage+WebP.m */; };
		EB48A6CB1A844709008E8098 /* UIImageView+HighlightedWebCache.m in Sources */ = {isa = PBXBuildFile; fileRef = EB48A6B91A844709008E8098 /* UIImageView+HighlightedWebCache.m */; };
		EB48A6CC1A844709008E8098 /* UIImageView+WebCache.m in Sources */ = {isa = PBXBuildFile; fileRef = EB48A6BB1A844709008E8098 /* UIImageView+WebCache.m */; };
		EB48A6CD1A844709008E8098 /* UIView+WebCacheOperation.m in Sources */ = {isa = PBXBuildFile; fileRef = EB48A6BD1A844709008E8098 /* UIView+WebCacheOperation.m */; };
		EB48A6D11A8447F0008E8098 /* MBProgressHUD.m in Sources */ = {isa = PBXBuildFile; fileRef = EB48A6D01A8447F0008E8098 /* MBProgressHUD.m */; };
		EB48A6D41A84526C008E8098 /* LhStatuses.m in Sources */ = {isa = PBXBuildFile; fileRef = EB48A6D31A84526C008E8098 /* LhStatuses.m */; };
		EB48A6D71A845481008E8098 /* LHUser.m in Sources */ = {isa = PBXBuildFile; fileRef = EB48A6D61A845481008E8098 /* LHUser.m */; };
		EB48A6DA1A847015008E8098 /* LHStatusCell.m in Sources */ = {isa = PBXBuildFile; fileRef = EB48A6D91A847015008E8098 /* LHStatusCell.m */; };
		EB48A6DD1A8491AE008E8098 /* LHStatusFrame.m in Sources */ = {isa = PBXBuildFile; fileRef = EB48A6DC1A8491AE008E8098 /* LHStatusFrame.m */; };
		EB48A6E01A889F40008E8098 /* NSDate+LH.m in Sources */ = {isa = PBXBuildFile; fileRef = EB48A6DF1A889F40008E8098 /* NSDate+LH.m */; };
		EB7530611A80F36500CF72FA /* LHTitleButton.m in Sources */ = {isa = PBXBuildFile; fileRef = EB7530601A80F36500CF72FA /* LHTitleButton.m */; };
		EB7530851A82141200CF72FA /* AFHTTPRequestOperation.m in Sources */ = {isa = PBXBuildFile; fileRef = EB7530731A82141200CF72FA /* AFHTTPRequestOperation.m */; };
		EB7530861A82141200CF72FA /* AFHTTPRequestOperationManager.m in Sources */ = {isa = PBXBuildFile; fileRef = EB7530751A82141200CF72FA /* AFHTTPRequestOperationManager.m */; };
		EB7530871A82141200CF72FA /* AFHTTPSessionManager.m in Sources */ = {isa = PBXBuildFile; fileRef = EB7530771A82141200CF72FA /* AFHTTPSessionManager.m */; };
		EB7530881A82141200CF72FA /* AFNetworkReachabilityManager.m in Sources */ = {isa = PBXBuildFile; fileRef = EB75307A1A82141200CF72FA /* AFNetworkReachabilityManager.m */; };
		EB7530891A82141200CF72FA /* AFSecurityPolicy.m in Sources */ = {isa = PBXBuildFile; fileRef = EB75307C1A82141200CF72FA /* AFSecurityPolicy.m */; };
		EB75308A1A82141200CF72FA /* AFURLConnectionOperation.m in Sources */ = {isa = PBXBuildFile; fileRef = EB75307E1A82141200CF72FA /* AFURLConnectionOperation.m */; };
		EB75308B1A82141200CF72FA /* AFURLRequestSerialization.m in Sources */ = {isa = PBXBuildFile; fileRef = EB7530801A82141200CF72FA /* AFURLRequestSerialization.m */; };
		EB75308C1A82141200CF72FA /* AFURLResponseSerialization.m in Sources */ = {isa = PBXBuildFile; fileRef = EB7530821A82141200CF72FA /* AFURLResponseSerialization.m */; };
		EB75308D1A82141200CF72FA /* AFURLSessionManager.m in Sources */ = {isa = PBXBuildFile; fileRef = EB7530841A82141200CF72FA /* AFURLSessionManager.m */; };
		EB8AC4AE1A83575900136A8E /* LHWeiboTool.m in Sources */ = {isa = PBXBuildFile; fileRef = EB8AC4AD1A83575900136A8E /* LHWeiboTool.m */; };
		EB8AC4B61A835BEE00136A8E /* LHOauthViewController.m in Sources */ = {isa = PBXBuildFile; fileRef = EB8AC4B21A835BEE00136A8E /* LHOauthViewController.m */; };
		EB8AC4B71A835BEE00136A8E /* LHWbAccount.m in Sources */ = {isa = PBXBuildFile; fileRef = EB8AC4B51A835BEE00136A8E /* LHWbAccount.m */; };
		EB8AC4BC1A835C0300136A8E /* LHNewfeatureViewController.m in Sources */ = {isa = PBXBuildFile; fileRef = EB8AC4BB1A835C0300136A8E /* LHNewfeatureViewController.m */; };
		EB8AC4C01A835C9900136A8E /* LHAccountTool.m in Sources */ = {isa = PBXBuildFile; fileRef = EB8AC4BF1A835C9900136A8E /* LHAccountTool.m */; };
		EBCEB3461A8B8A3D0057A277 /* LHComposeController.m in Sources */ = {isa = PBXBuildFile; fileRef = EBCEB3451A8B8A3D0057A277 /* LHComposeController.m */; };
		EBCEB34A1A8B92790057A277 /* LHTextView.m in Sources */ = {isa = PBXBuildFile; fileRef = EBCEB3491A8B92790057A277 /* LHTextView.m */; };
		EBD069D31A7F1F5400EF8209 /* main.m in Sources */ = {isa = PBXBuildFile; fileRef = EBD069D21A7F1F5400EF8209 /* main.m */; };
		EBD069D61A7F1F5400EF8209 /* AppDelegate.m in Sources */ = {isa = PBXBuildFile; fileRef = EBD069D51A7F1F5400EF8209 /* AppDelegate.m */; };
		EBD069ED1A7F1F5400EF8209 /* WeiboTests.m in Sources */ = {isa = PBXBuildFile; fileRef = EBD069EC1A7F1F5400EF8209 /* WeiboTests.m */; };
		EBD06A061A7F669800EF8209 /* Media.xcassets in Resources */ = {isa = PBXBuildFile; fileRef = EBD06A051A7F669800EF8209 /* Media.xcassets */; };
		EBD06A261A7F72C500EF8209 /* LHDiscoverTableViewController.m in Sources */ = {isa = PBXBuildFile; fileRef = EBD06A0B1A7F72C500EF8209 /* LHDiscoverTableViewController.m */; };
		EBD06A271A7F72C500EF8209 /* LHHomeTableViewController.m in Sources */ = {isa = PBXBuildFile; fileRef = EBD06A111A7F72C500EF8209 /* LHHomeTableViewController.m */; };
		EBD06A281A7F72C500EF8209 /* LHTabBarController.m in Sources */ = {isa = PBXBuildFile; fileRef = EBD06A171A7F72C500EF8209 /* LHTabBarController.m */; };
		EBD06A291A7F72C500EF8209 /* LHWeTableViewController.m in Sources */ = {isa = PBXBuildFile; fileRef = EBD06A1D1A7F72C500EF8209 /* LHWeTableViewController.m */; };
		EBD06A2A1A7F72C500EF8209 /* LHMessageTableViewController.m in Sources */ = {isa = PBXBuildFile; fileRef = EBD06A231A7F72C500EF8209 /* LHMessageTableViewController.m */; };
		EBD06A2F1A7F802400EF8209 /* UIImage+LH.m in Sources */ = {isa = PBXBuildFile; fileRef = EBD06A2E1A7F802400EF8209 /* UIImage+LH.m */; };
		EBD06A321A7F83DA00EF8209 /* LHTabBar.m in Sources */ = {isa = PBXBuildFile; fileRef = EBD06A311A7F83DA00EF8209 /* LHTabBar.m */; };
		EBD06A351A7FB27C00EF8209 /* LHTabBarButton.m in Sources */ = {isa = PBXBuildFile; fileRef = EBD06A341A7FB27C00EF8209 /* LHTabBarButton.m */; };
		EBD06A391A807F8600EF8209 /* LHBadgeButton.m in Sources */ = {isa = PBXBuildFile; fileRef = EBD06A381A807F8600EF8209 /* LHBadgeButton.m */; };
		EBD06A3C1A80AB6400EF8209 /* LHNavigationController.m in Sources */ = {isa = PBXBuildFile; fileRef = EBD06A3B1A80AB6400EF8209 /* LHNavigationController.m */; };
		EBD06A3F1A80C8C800EF8209 /* UIBarButtonItem+LH.m in Sources */ = {isa = PBXBuildFile; fileRef = EBD06A3E1A80C8C800EF8209 /* UIBarButtonItem+LH.m */; };
		EBD06A421A80E65600EF8209 /* LHSearchBar.m in Sources */ = {isa = PBXBuildFile; fileRef = EBD06A411A80E65600EF8209 /* LHSearchBar.m */; };
		EBD154961A89CB42005DDD92 /* LHRetweetView.m in Sources */ = {isa = PBXBuildFile; fileRef = EBD154951A89CB42005DDD92 /* LHRetweetView.m */; };
		EBD154991A89DB5A005DDD92 /* LHStatusTopView.m in Sources */ = {isa = PBXBuildFile; fileRef = EBD154981A89DB5A005DDD92 /* LHStatusTopView.m */; };
		EBD1550A1A8B4317005DDD92 /* MJRefresh.bundle in Resources */ = {isa = PBXBuildFile; fileRef = EBD155001A8B4317005DDD92 /* MJRefresh.bundle */; };
		EBD1550B1A8B4317005DDD92 /* MJRefreshBaseView.m in Sources */ = {isa = PBXBuildFile; fileRef = EBD155031A8B4317005DDD92 /* MJRefreshBaseView.m */; };
		EBD1550C1A8B4317005DDD92 /* MJRefreshConst.m in Sources */ = {isa = PBXBuildFile; fileRef = EBD155051A8B4317005DDD92 /* MJRefreshConst.m */; };
		EBD1550D1A8B4317005DDD92 /* MJRefreshFooterView.m in Sources */ = {isa = PBXBuildFile; fileRef = EBD155071A8B4317005DDD92 /* MJRefreshFooterView.m */; };
		EBD1550E1A8B4317005DDD92 /* MJRefreshHeaderView.m in Sources */ = {isa = PBXBuildFile; fileRef = EBD155091A8B4317005DDD92 /* MJRefreshHeaderView.m */; };
		EBE100A31A88E442008262AF /* LHStatusToolBarView.m in Sources */ = {isa = PBXBuildFile; fileRef = EBE100A21A88E442008262AF /* LHStatusToolBarView.m */; };
/* End PBXBuildFile section */

/* Begin PBXContainerItemProxy section */
		EBD069E71A7F1F5400EF8209 /* PBXContainerItemProxy */ = {
			isa = PBXContainerItemProxy;
			containerPortal = EBD069C51A7F1F5400EF8209 /* Project object */;
			proxyType = 1;
			remoteGlobalIDString = EBD069CC1A7F1F5400EF8209;
			remoteInfo = Weibo;
		};
/* End PBXContainerItemProxy section */

/* Begin PBXFileReference section */
		EB48A69D1A844709008E8098 /* MKAnnotationView+WebCache.h */ = {isa = PBXFileReference; fileEncoding = 4; lastKnownFileType = sourcecode.c.h; path = "MKAnnotationView+WebCache.h"; sourceTree = "<group>"; };
		EB48A69E1A844709008E8098 /* MKAnnotationView+WebCache.m */ = {isa = PBXFileReference; fileEncoding = 4; lastKnownFileType = sourcecode.c.objc; path = "MKAnnotationView+WebCache.m"; sourceTree = "<group>"; };
		EB48A69F1A844709008E8098 /* NSData+ImageContentType.h */ = {isa = PBXFileReference; fileEncoding = 4; lastKnownFileType = sourcecode.c.h; path = "NSData+ImageContentType.h"; sourceTree = "<group>"; };
		EB48A6A01A844709008E8098 /* NSData+ImageContentType.m */ = {isa = PBXFileReference; fileEncoding = 4; lastKnownFileType = sourcecode.c.objc; path = "NSData+ImageContentType.m"; sourceTree = "<group>"; };
		EB48A6A11A844709008E8098 /* SDImageCache.h */ = {isa = PBXFileReference; fileEncoding = 4; lastKnownFileType = sourcecode.c.h; path = SDImageCache.h; sourceTree = "<group>"; };
		EB48A6A21A844709008E8098 /* SDImageCache.m */ = {isa = PBXFileReference; fileEncoding = 4; lastKnownFileType = sourcecode.c.objc; path = SDImageCache.m; sourceTree = "<group>"; };
		EB48A6A31A844709008E8098 /* SDWebImageCompat.h */ = {isa = PBXFileReference; fileEncoding = 4; lastKnownFileType = sourcecode.c.h; path = SDWebImageCompat.h; sourceTree = "<group>"; };
		EB48A6A41A844709008E8098 /* SDWebImageCompat.m */ = {isa = PBXFileReference; fileEncoding = 4; lastKnownFileType = sourcecode.c.objc; path = SDWebImageCompat.m; sourceTree = "<group>"; };
		EB48A6A51A844709008E8098 /* SDWebImageDecoder.h */ = {isa = PBXFileReference; fileEncoding = 4; lastKnownFileType = sourcecode.c.h; path = SDWebImageDecoder.h; sourceTree = "<group>"; };
		EB48A6A61A844709008E8098 /* SDWebImageDecoder.m */ = {isa = PBXFileReference; fileEncoding = 4; lastKnownFileType = sourcecode.c.objc; path = SDWebImageDecoder.m; sourceTree = "<group>"; };
		EB48A6A71A844709008E8098 /* SDWebImageDownloader.h */ = {isa = PBXFileReference; fileEncoding = 4; lastKnownFileType = sourcecode.c.h; path = SDWebImageDownloader.h; sourceTree = "<group>"; };
		EB48A6A81A844709008E8098 /* SDWebImageDownloader.m */ = {isa = PBXFileReference; fileEncoding = 4; lastKnownFileType = sourcecode.c.objc; path = SDWebImageDownloader.m; sourceTree = "<group>"; };
		EB48A6A91A844709008E8098 /* SDWebImageDownloaderOperation.h */ = {isa = PBXFileReference; fileEncoding = 4; lastKnownFileType = sourcecode.c.h; path = SDWebImageDownloaderOperation.h; sourceTree = "<group>"; };
		EB48A6AA1A844709008E8098 /* SDWebImageDownloaderOperation.m */ = {isa = PBXFileReference; fileEncoding = 4; lastKnownFileType = sourcecode.c.objc; path = SDWebImageDownloaderOperation.m; sourceTree = "<group>"; };
		EB48A6AB1A844709008E8098 /* SDWebImageManager.h */ = {isa = PBXFileReference; fileEncoding = 4; lastKnownFileType = sourcecode.c.h; path = SDWebImageManager.h; sourceTree = "<group>"; };
		EB48A6AC1A844709008E8098 /* SDWebImageManager.m */ = {isa = PBXFileReference; fileEncoding = 4; lastKnownFileType = sourcecode.c.objc; path = SDWebImageManager.m; sourceTree = "<group>"; };
		EB48A6AD1A844709008E8098 /* SDWebImageOperation.h */ = {isa = PBXFileReference; fileEncoding = 4; lastKnownFileType = sourcecode.c.h; path = SDWebImageOperation.h; sourceTree = "<group>"; };
		EB48A6AE1A844709008E8098 /* SDWebImagePrefetcher.h */ = {isa = PBXFileReference; fileEncoding = 4; lastKnownFileType = sourcecode.c.h; path = SDWebImagePrefetcher.h; sourceTree = "<group>"; };
		EB48A6AF1A844709008E8098 /* SDWebImagePrefetcher.m */ = {isa = PBXFileReference; fileEncoding = 4; lastKnownFileType = sourcecode.c.objc; path = SDWebImagePrefetcher.m; sourceTree = "<group>"; };
		EB48A6B01A844709008E8098 /* UIButton+WebCache.h */ = {isa = PBXFileReference; fileEncoding = 4; lastKnownFileType = sourcecode.c.h; path = "UIButton+WebCache.h"; sourceTree = "<group>"; };
		EB48A6B11A844709008E8098 /* UIButton+WebCache.m */ = {isa = PBXFileReference; fileEncoding = 4; lastKnownFileType = sourcecode.c.objc; path = "UIButton+WebCache.m"; sourceTree = "<group>"; };
		EB48A6B21A844709008E8098 /* UIImage+GIF.h */ = {isa = PBXFileReference; fileEncoding = 4; lastKnownFileType = sourcecode.c.h; path = "UIImage+GIF.h"; sourceTree = "<group>"; };
		EB48A6B31A844709008E8098 /* UIImage+GIF.m */ = {isa = PBXFileReference; fileEncoding = 4; lastKnownFileType = sourcecode.c.objc; path = "UIImage+GIF.m"; sourceTree = "<group>"; };
		EB48A6B41A844709008E8098 /* UIImage+MultiFormat.h */ = {isa = PBXFileReference; fileEncoding = 4; lastKnownFileType = sourcecode.c.h; path = "UIImage+MultiFormat.h"; sourceTree = "<group>"; };
		EB48A6B51A844709008E8098 /* UIImage+MultiFormat.m */ = {isa = PBXFileReference; fileEncoding = 4; lastKnownFileType = sourcecode.c.objc; path = "UIImage+MultiFormat.m"; sourceTree = "<group>"; };
		EB48A6B61A844709008E8098 /* UIImage+WebP.h */ = {isa = PBXFileReference; fileEncoding = 4; lastKnownFileType = sourcecode.c.h; path = "UIImage+WebP.h"; sourceTree = "<group>"; };
		EB48A6B71A844709008E8098 /* UIImage+WebP.m */ = {isa = PBXFileReference; fileEncoding = 4; lastKnownFileType = sourcecode.c.objc; path = "UIImage+WebP.m"; sourceTree = "<group>"; };
		EB48A6B81A844709008E8098 /* UIImageView+HighlightedWebCache.h */ = {isa = PBXFileReference; fileEncoding = 4; lastKnownFileType = sourcecode.c.h; path = "UIImageView+HighlightedWebCache.h"; sourceTree = "<group>"; };
		EB48A6B91A844709008E8098 /* UIImageView+HighlightedWebCache.m */ = {isa = PBXFileReference; fileEncoding = 4; lastKnownFileType = sourcecode.c.objc; path = "UIImageView+HighlightedWebCache.m"; sourceTree = "<group>"; };
		EB48A6BA1A844709008E8098 /* UIImageView+WebCache.h */ = {isa = PBXFileReference; fileEncoding = 4; lastKnownFileType = sourcecode.c.h; path = "UIImageView+WebCache.h"; sourceTree = "<group>"; };
		EB48A6BB1A844709008E8098 /* UIImageView+WebCache.m */ = {isa = PBXFileReference; fileEncoding = 4; lastKnownFileType = sourcecode.c.objc; path = "UIImageView+WebCache.m"; sourceTree = "<group>"; };
		EB48A6BC1A844709008E8098 /* UIView+WebCacheOperation.h */ = {isa = PBXFileReference; fileEncoding = 4; lastKnownFileType = sourcecode.c.h; path = "UIView+WebCacheOperation.h"; sourceTree = "<group>"; };
		EB48A6BD1A844709008E8098 /* UIView+WebCacheOperation.m */ = {isa = PBXFileReference; fileEncoding = 4; lastKnownFileType = sourcecode.c.objc; path = "UIView+WebCacheOperation.m"; sourceTree = "<group>"; };
		EB48A6CF1A8447F0008E8098 /* MBProgressHUD.h */ = {isa = PBXFileReference; fileEncoding = 4; lastKnownFileType = sourcecode.c.h; path = MBProgressHUD.h; sourceTree = "<group>"; };
		EB48A6D01A8447F0008E8098 /* MBProgressHUD.m */ = {isa = PBXFileReference; fileEncoding = 4; lastKnownFileType = sourcecode.c.objc; path = MBProgressHUD.m; sourceTree = "<group>"; };
		EB48A6D21A84526C008E8098 /* LHStatuses.h */ = {isa = PBXFileReference; fileEncoding = 4; lastKnownFileType = sourcecode.c.h; path = LHStatuses.h; sourceTree = SOURCE_ROOT; };
		EB48A6D31A84526C008E8098 /* LhStatuses.m */ = {isa = PBXFileReference; fileEncoding = 4; lastKnownFileType = sourcecode.c.objc; path = LhStatuses.m; sourceTree = SOURCE_ROOT; };
		EB48A6D51A845481008E8098 /* LHUser.h */ = {isa = PBXFileReference; fileEncoding = 4; lastKnownFileType = sourcecode.c.h; path = LHUser.h; sourceTree = SOURCE_ROOT; };
		EB48A6D61A845481008E8098 /* LHUser.m */ = {isa = PBXFileReference; fileEncoding = 4; lastKnownFileType = sourcecode.c.objc; path = LHUser.m; sourceTree = SOURCE_ROOT; };
		EB48A6D81A847015008E8098 /* LHStatusCell.h */ = {isa = PBXFileReference; fileEncoding = 4; lastKnownFileType = sourcecode.c.h; path = LHStatusCell.h; sourceTree = "<group>"; };
		EB48A6D91A847015008E8098 /* LHStatusCell.m */ = {isa = PBXFileReference; fileEncoding = 4; lastKnownFileType = sourcecode.c.objc; path = LHStatusCell.m; sourceTree = "<group>"; };
		EB48A6DB1A8491AE008E8098 /* LHStatusFrame.h */ = {isa = PBXFileReference; fileEncoding = 4; lastKnownFileType = sourcecode.c.h; path = LHStatusFrame.h; sourceTree = SOURCE_ROOT; };
		EB48A6DC1A8491AE008E8098 /* LHStatusFrame.m */ = {isa = PBXFileReference; fileEncoding = 4; lastKnownFileType = sourcecode.c.objc; path = LHStatusFrame.m; sourceTree = SOURCE_ROOT; };
		EB48A6DE1A889F40008E8098 /* NSDate+LH.h */ = {isa = PBXFileReference; fileEncoding = 4; lastKnownFileType = sourcecode.c.h; path = "NSDate+LH.h"; sourceTree = "<group>"; };
		EB48A6DF1A889F40008E8098 /* NSDate+LH.m */ = {isa = PBXFileReference; fileEncoding = 4; lastKnownFileType = sourcecode.c.objc; path = "NSDate+LH.m"; sourceTree = "<group>"; };
		EB75305F1A80F36500CF72FA /* LHTitleButton.h */ = {isa = PBXFileReference; fileEncoding = 4; lastKnownFileType = sourcecode.c.h; path = LHTitleButton.h; sourceTree = "<group>"; };
		EB7530601A80F36500CF72FA /* LHTitleButton.m */ = {isa = PBXFileReference; fileEncoding = 4; lastKnownFileType = sourcecode.c.objc; path = LHTitleButton.m; sourceTree = "<group>"; };
		EB7530721A82141200CF72FA /* AFHTTPRequestOperation.h */ = {isa = PBXFileReference; fileEncoding = 4; lastKnownFileType = sourcecode.c.h; path = AFHTTPRequestOperation.h; sourceTree = "<group>"; };
		EB7530731A82141200CF72FA /* AFHTTPRequestOperation.m */ = {isa = PBXFileReference; fileEncoding = 4; lastKnownFileType = sourcecode.c.objc; path = AFHTTPRequestOperation.m; sourceTree = "<group>"; };
		EB7530741A82141200CF72FA /* AFHTTPRequestOperationManager.h */ = {isa = PBXFileReference; fileEncoding = 4; lastKnownFileType = sourcecode.c.h; path = AFHTTPRequestOperationManager.h; sourceTree = "<group>"; };
		EB7530751A82141200CF72FA /* AFHTTPRequestOperationManager.m */ = {isa = PBXFileReference; fileEncoding = 4; lastKnownFileType = sourcecode.c.objc; path = AFHTTPRequestOperationManager.m; sourceTree = "<group>"; };
		EB7530761A82141200CF72FA /* AFHTTPSessionManager.h */ = {isa = PBXFileReference; fileEncoding = 4; lastKnownFileType = sourcecode.c.h; path = AFHTTPSessionManager.h; sourceTree = "<group>"; };
		EB7530771A82141200CF72FA /* AFHTTPSessionManager.m */ = {isa = PBXFileReference; fileEncoding = 4; lastKnownFileType = sourcecode.c.objc; path = AFHTTPSessionManager.m; sourceTree = "<group>"; };
		EB7530781A82141200CF72FA /* AFNetworking.h */ = {isa = PBXFileReference; fileEncoding = 4; lastKnownFileType = sourcecode.c.h; path = AFNetworking.h; sourceTree = "<group>"; };
		EB7530791A82141200CF72FA /* AFNetworkReachabilityManager.h */ = {isa = PBXFileReference; fileEncoding = 4; lastKnownFileType = sourcecode.c.h; path = AFNetworkReachabilityManager.h; sourceTree = "<group>"; };
		EB75307A1A82141200CF72FA /* AFNetworkReachabilityManager.m */ = {isa = PBXFileReference; fileEncoding = 4; lastKnownFileType = sourcecode.c.objc; path = AFNetworkReachabilityManager.m; sourceTree = "<group>"; };
		EB75307B1A82141200CF72FA /* AFSecurityPolicy.h */ = {isa = PBXFileReference; fileEncoding = 4; lastKnownFileType = sourcecode.c.h; path = AFSecurityPolicy.h; sourceTree = "<group>"; };
		EB75307C1A82141200CF72FA /* AFSecurityPolicy.m */ = {isa = PBXFileReference; fileEncoding = 4; lastKnownFileType = sourcecode.c.objc; path = AFSecurityPolicy.m; sourceTree = "<group>"; };
		EB75307D1A82141200CF72FA /* AFURLConnectionOperation.h */ = {isa = PBXFileReference; fileEncoding = 4; lastKnownFileType = sourcecode.c.h; path = AFURLConnectionOperation.h; sourceTree = "<group>"; };
		EB75307E1A82141200CF72FA /* AFURLConnectionOperation.m */ = {isa = PBXFileReference; fileEncoding = 4; lastKnownFileType = sourcecode.c.objc; path = AFURLConnectionOperation.m; sourceTree = "<group>"; };
		EB75307F1A82141200CF72FA /* AFURLRequestSerialization.h */ = {isa = PBXFileReference; fileEncoding = 4; lastKnownFileType = sourcecode.c.h; path = AFURLRequestSerialization.h; sourceTree = "<group>"; };
		EB7530801A82141200CF72FA /* AFURLRequestSerialization.m */ = {isa = PBXFileReference; fileEncoding = 4; lastKnownFileType = sourcecode.c.objc; path = AFURLRequestSerialization.m; sourceTree = "<group>"; };
		EB7530811A82141200CF72FA /* AFURLResponseSerialization.h */ = {isa = PBXFileReference; fileEncoding = 4; lastKnownFileType = sourcecode.c.h; path = AFURLResponseSerialization.h; sourceTree = "<group>"; };
		EB7530821A82141200CF72FA /* AFURLResponseSerialization.m */ = {isa = PBXFileReference; fileEncoding = 4; lastKnownFileType = sourcecode.c.objc; path = AFURLResponseSerialization.m; sourceTree = "<group>"; };
		EB7530831A82141200CF72FA /* AFURLSessionManager.h */ = {isa = PBXFileReference; fileEncoding = 4; lastKnownFileType = sourcecode.c.h; path = AFURLSessionManager.h; sourceTree = "<group>"; };
		EB7530841A82141200CF72FA /* AFURLSessionManager.m */ = {isa = PBXFileReference; fileEncoding = 4; lastKnownFileType = sourcecode.c.objc; path = AFURLSessionManager.m; sourceTree = "<group>"; };
		EB8AC4AC1A83575900136A8E /* LHWeiboTool.h */ = {isa = PBXFileReference; fileEncoding = 4; lastKnownFileType = sourcecode.c.h; path = LHWeiboTool.h; sourceTree = "<group>"; };
		EB8AC4AD1A83575900136A8E /* LHWeiboTool.m */ = {isa = PBXFileReference; fileEncoding = 4; lastKnownFileType = sourcecode.c.objc; path = LHWeiboTool.m; sourceTree = "<group>"; };
		EB8AC4B11A835BEE00136A8E /* LHOauthViewController.h */ = {isa = PBXFileReference; fileEncoding = 4; lastKnownFileType = sourcecode.c.h; path = LHOauthViewController.h; sourceTree = "<group>"; };
		EB8AC4B21A835BEE00136A8E /* LHOauthViewController.m */ = {isa = PBXFileReference; fileEncoding = 4; lastKnownFileType = sourcecode.c.objc; path = LHOauthViewController.m; sourceTree = "<group>"; };
		EB8AC4B41A835BEE00136A8E /* LHWbAccount.h */ = {isa = PBXFileReference; fileEncoding = 4; lastKnownFileType = sourcecode.c.h; path = LHWbAccount.h; sourceTree = "<group>"; };
		EB8AC4B51A835BEE00136A8E /* LHWbAccount.m */ = {isa = PBXFileReference; fileEncoding = 4; lastKnownFileType = sourcecode.c.objc; path = LHWbAccount.m; sourceTree = "<group>"; };
		EB8AC4BA1A835C0300136A8E /* LHNewfeatureViewController.h */ = {isa = PBXFileReference; fileEncoding = 4; lastKnownFileType = sourcecode.c.h; path = LHNewfeatureViewController.h; sourceTree = "<group>"; };
		EB8AC4BB1A835C0300136A8E /* LHNewfeatureViewController.m */ = {isa = PBXFileReference; fileEncoding = 4; lastKnownFileType = sourcecode.c.objc; path = LHNewfeatureViewController.m; sourceTree = "<group>"; };
		EB8AC4BE1A835C9900136A8E /* LHAccountTool.h */ = {isa = PBXFileReference; fileEncoding = 4; lastKnownFileType = sourcecode.c.h; name = LHAccountTool.h; path = tool/LHAccountTool.h; sourceTree = "<group>"; };
		EB8AC4BF1A835C9900136A8E /* LHAccountTool.m */ = {isa = PBXFileReference; fileEncoding = 4; lastKnownFileType = sourcecode.c.objc; name = LHAccountTool.m; path = tool/LHAccountTool.m; sourceTree = "<group>"; };
		EBCEB3441A8B8A3D0057A277 /* LHComposeController.h */ = {isa = PBXFileReference; fileEncoding = 4; lastKnownFileType = sourcecode.c.h; path = LHComposeController.h; sourceTree = "<group>"; };
		EBCEB3451A8B8A3D0057A277 /* LHComposeController.m */ = {isa = PBXFileReference; fileEncoding = 4; lastKnownFileType = sourcecode.c.objc; path = LHComposeController.m; sourceTree = "<group>"; };
		EBCEB3481A8B92790057A277 /* LHTextView.h */ = {isa = PBXFileReference; fileEncoding = 4; lastKnownFileType = sourcecode.c.h; path = LHTextView.h; sourceTree = "<group>"; };
		EBCEB3491A8B92790057A277 /* LHTextView.m */ = {isa = PBXFileReference; fileEncoding = 4; lastKnownFileType = sourcecode.c.objc; path = LHTextView.m; sourceTree = "<group>"; };
		EBD069CD1A7F1F5400EF8209 /* Weibo.app */ = {isa = PBXFileReference; explicitFileType = wrapper.application; includeInIndex = 0; path = Weibo.app; sourceTree = BUILT_PRODUCTS_DIR; };
		EBD069D11A7F1F5400EF8209 /* Info.plist */ = {isa = PBXFileReference; lastKnownFileType = text.plist.xml; path = Info.plist; sourceTree = "<group>"; };
		EBD069D21A7F1F5400EF8209 /* main.m */ = {isa = PBXFileReference; lastKnownFileType = sourcecode.c.objc; name = main.m; path = ../main.m; sourceTree = "<group>"; };
		EBD069D41A7F1F5400EF8209 /* AppDelegate.h */ = {isa = PBXFileReference; lastKnownFileType = sourcecode.c.h; name = AppDelegate.h; path = ../AppDelegate.h; sourceTree = "<group>"; };
		EBD069D51A7F1F5400EF8209 /* AppDelegate.m */ = {isa = PBXFileReference; lastKnownFileType = sourcecode.c.objc; name = AppDelegate.m; path = ../AppDelegate.m; sourceTree = "<group>"; };
		EBD069E61A7F1F5400EF8209 /* WeiboTests.xctest */ = {isa = PBXFileReference; explicitFileType = wrapper.cfbundle; includeInIndex = 0; path = WeiboTests.xctest; sourceTree = BUILT_PRODUCTS_DIR; };
		EBD069EB1A7F1F5400EF8209 /* Info.plist */ = {isa = PBXFileReference; lastKnownFileType = text.plist.xml; path = Info.plist; sourceTree = "<group>"; };
		EBD069EC1A7F1F5400EF8209 /* WeiboTests.m */ = {isa = PBXFileReference; lastKnownFileType = sourcecode.c.objc; path = WeiboTests.m; sourceTree = "<group>"; };
		EBD06A051A7F669800EF8209 /* Media.xcassets */ = {isa = PBXFileReference; lastKnownFileType = folder.assetcatalog; path = Media.xcassets; sourceTree = "<group>"; };
		EBD06A0A1A7F72C500EF8209 /* LHDiscoverTableViewController.h */ = {isa = PBXFileReference; fileEncoding = 4; lastKnownFileType = sourcecode.c.h; path = LHDiscoverTableViewController.h; sourceTree = "<group>"; };
		EBD06A0B1A7F72C500EF8209 /* LHDiscoverTableViewController.m */ = {isa = PBXFileReference; fileEncoding = 4; lastKnownFileType = sourcecode.c.objc; path = LHDiscoverTableViewController.m; sourceTree = "<group>"; };
		EBD06A101A7F72C500EF8209 /* LHHomeTableViewController.h */ = {isa = PBXFileReference; fileEncoding = 4; lastKnownFileType = sourcecode.c.h; path = LHHomeTableViewController.h; sourceTree = "<group>"; };
		EBD06A111A7F72C500EF8209 /* LHHomeTableViewController.m */ = {isa = PBXFileReference; fileEncoding = 4; lastKnownFileType = sourcecode.c.objc; path = LHHomeTableViewController.m; sourceTree = "<group>"; };
		EBD06A161A7F72C500EF8209 /* LHTabBarController.h */ = {isa = PBXFileReference; fileEncoding = 4; lastKnownFileType = sourcecode.c.h; path = LHTabBarController.h; sourceTree = "<group>"; };
		EBD06A171A7F72C500EF8209 /* LHTabBarController.m */ = {isa = PBXFileReference; fileEncoding = 4; lastKnownFileType = sourcecode.c.objc; path = LHTabBarController.m; sourceTree = "<group>"; };
		EBD06A1C1A7F72C500EF8209 /* LHWeTableViewController.h */ = {isa = PBXFileReference; fileEncoding = 4; lastKnownFileType = sourcecode.c.h; path = LHWeTableViewController.h; sourceTree = "<group>"; };
		EBD06A1D1A7F72C500EF8209 /* LHWeTableViewController.m */ = {isa = PBXFileReference; fileEncoding = 4; lastKnownFileType = sourcecode.c.objc; path = LHWeTableViewController.m; sourceTree = "<group>"; };
		EBD06A221A7F72C500EF8209 /* LHMessageTableViewController.h */ = {isa = PBXFileReference; fileEncoding = 4; lastKnownFileType = sourcecode.c.h; path = LHMessageTableViewController.h; sourceTree = "<group>"; };
		EBD06A231A7F72C500EF8209 /* LHMessageTableViewController.m */ = {isa = PBXFileReference; fileEncoding = 4; lastKnownFileType = sourcecode.c.objc; path = LHMessageTableViewController.m; sourceTree = "<group>"; };
		EBD06A2D1A7F802400EF8209 /* UIImage+LH.h */ = {isa = PBXFileReference; fileEncoding = 4; lastKnownFileType = sourcecode.c.h; name = "UIImage+LH.h"; path = "others/Category/UIImage+LH.h"; sourceTree = "<group>"; };
		EBD06A2E1A7F802400EF8209 /* UIImage+LH.m */ = {isa = PBXFileReference; fileEncoding = 4; lastKnownFileType = sourcecode.c.objc; name = "UIImage+LH.m"; path = "others/Category/UIImage+LH.m"; sourceTree = "<group>"; };
		EBD06A301A7F83DA00EF8209 /* LHTabBar.h */ = {isa = PBXFileReference; fileEncoding = 4; lastKnownFileType = sourcecode.c.h; path = LHTabBar.h; sourceTree = "<group>"; };
		EBD06A311A7F83DA00EF8209 /* LHTabBar.m */ = {isa = PBXFileReference; fileEncoding = 4; lastKnownFileType = sourcecode.c.objc; path = LHTabBar.m; sourceTree = "<group>"; };
		EBD06A331A7FB27C00EF8209 /* LHTabBarButton.h */ = {isa = PBXFileReference; fileEncoding = 4; lastKnownFileType = sourcecode.c.h; path = LHTabBarButton.h; sourceTree = "<group>"; };
		EBD06A341A7FB27C00EF8209 /* LHTabBarButton.m */ = {isa = PBXFileReference; fileEncoding = 4; lastKnownFileType = sourcecode.c.objc; path = LHTabBarButton.m; sourceTree = "<group>"; };
		EBD06A361A7FC96400EF8209 /* public.h */ = {isa = PBXFileReference; lastKnownFileType = sourcecode.c.h; path = public.h; sourceTree = "<group>"; };
		EBD06A371A807F8600EF8209 /* LHBadgeButton.h */ = {isa = PBXFileReference; fileEncoding = 4; lastKnownFileType = sourcecode.c.h; path = LHBadgeButton.h; sourceTree = "<group>"; };
		EBD06A381A807F8600EF8209 /* LHBadgeButton.m */ = {isa = PBXFileReference; fileEncoding = 4; lastKnownFileType = sourcecode.c.objc; path = LHBadgeButton.m; sourceTree = "<group>"; };
		EBD06A3A1A80AB6400EF8209 /* LHNavigationController.h */ = {isa = PBXFileReference; fileEncoding = 4; lastKnownFileType = sourcecode.c.h; path = LHNavigationController.h; sourceTree = "<group>"; };
		EBD06A3B1A80AB6400EF8209 /* LHNavigationController.m */ = {isa = PBXFileReference; fileEncoding = 4; lastKnownFileType = sourcecode.c.objc; path = LHNavigationController.m; sourceTree = "<group>"; };
		EBD06A3D1A80C8C800EF8209 /* UIBarButtonItem+LH.h */ = {isa = PBXFileReference; fileEncoding = 4; lastKnownFileType = sourcecode.c.h; path = "UIBarButtonItem+LH.h"; sourceTree = "<group>"; };
		EBD06A3E1A80C8C800EF8209 /* UIBarButtonItem+LH.m */ = {isa = PBXFileReference; fileEncoding = 4; lastKnownFileType = sourcecode.c.objc; path = "UIBarButtonItem+LH.m"; sourceTree = "<group>"; };
		EBD06A401A80E65600EF8209 /* LHSearchBar.h */ = {isa = PBXFileReference; fileEncoding = 4; lastKnownFileType = sourcecode.c.h; path = LHSearchBar.h; sourceTree = "<group>"; };
		EBD06A411A80E65600EF8209 /* LHSearchBar.m */ = {isa = PBXFileReference; fileEncoding = 4; lastKnownFileType = sourcecode.c.objc; path = LHSearchBar.m; sourceTree = "<group>"; };
		EBD154941A89CB42005DDD92 /* LHRetweetView.h */ = {isa = PBXFileReference; fileEncoding = 4; lastKnownFileType = sourcecode.c.h; path = LHRetweetView.h; sourceTree = "<group>"; };
		EBD154951A89CB42005DDD92 /* LHRetweetView.m */ = {isa = PBXFileReference; fileEncoding = 4; lastKnownFileType = sourcecode.c.objc; path = LHRetweetView.m; sourceTree = "<group>"; };
		EBD154971A89DB5A005DDD92 /* LHStatusTopView.h */ = {isa = PBXFileReference; fileEncoding = 4; lastKnownFileType = sourcecode.c.h; path = LHStatusTopView.h; sourceTree = "<group>"; };
		EBD154981A89DB5A005DDD92 /* LHStatusTopView.m */ = {isa = PBXFileReference; fileEncoding = 4; lastKnownFileType = sourcecode.c.objc; path = LHStatusTopView.m; sourceTree = "<group>"; };
		EBD155001A8B4317005DDD92 /* MJRefresh.bundle */ = {isa = PBXFileReference; lastKnownFileType = "wrapper.plug-in"; path = MJRefresh.bundle; sourceTree = "<group>"; };
		EBD155011A8B4317005DDD92 /* MJRefresh.h */ = {isa = PBXFileReference; fileEncoding = 4; lastKnownFileType = sourcecode.c.h; path = MJRefresh.h; sourceTree = "<group>"; };
		EBD155021A8B4317005DDD92 /* MJRefreshBaseView.h */ = {isa = PBXFileReference; fileEncoding = 4; lastKnownFileType = sourcecode.c.h; path = MJRefreshBaseView.h; sourceTree = "<group>"; };
		EBD155031A8B4317005DDD92 /* MJRefreshBaseView.m */ = {isa = PBXFileReference; fileEncoding = 4; lastKnownFileType = sourcecode.c.objc; path = MJRefreshBaseView.m; sourceTree = "<group>"; };
		EBD155041A8B4317005DDD92 /* MJRefreshConst.h */ = {isa = PBXFileReference; fileEncoding = 4; lastKnownFileType = sourcecode.c.h; path = MJRefreshConst.h; sourceTree = "<group>"; };
		EBD155051A8B4317005DDD92 /* MJRefreshConst.m */ = {isa = PBXFileReference; fileEncoding = 4; lastKnownFileType = sourcecode.c.objc; path = MJRefreshConst.m; sourceTree = "<group>"; };
		EBD155061A8B4317005DDD92 /* MJRefreshFooterView.h */ = {isa = PBXFileReference; fileEncoding = 4; lastKnownFileType = sourcecode.c.h; path = MJRefreshFooterView.h; sourceTree = "<group>"; };
		EBD155071A8B4317005DDD92 /* MJRefreshFooterView.m */ = {isa = PBXFileReference; fileEncoding = 4; lastKnownFileType = sourcecode.c.objc; path = MJRefreshFooterView.m; sourceTree = "<group>"; };
		EBD155081A8B4317005DDD92 /* MJRefreshHeaderView.h */ = {isa = PBXFileReference; fileEncoding = 4; lastKnownFileType = sourcecode.c.h; path = MJRefreshHeaderView.h; sourceTree = "<group>"; };
		EBD155091A8B4317005DDD92 /* MJRefreshHeaderView.m */ = {isa = PBXFileReference; fileEncoding = 4; lastKnownFileType = sourcecode.c.objc; path = MJRefreshHeaderView.m; sourceTree = "<group>"; };
		EBE100A11A88E442008262AF /* LHStatusToolBarView.h */ = {isa = PBXFileReference; fileEncoding = 4; lastKnownFileType = sourcecode.c.h; path = LHStatusToolBarView.h; sourceTree = "<group>"; };
		EBE100A21A88E442008262AF /* LHStatusToolBarView.m */ = {isa = PBXFileReference; fileEncoding = 4; lastKnownFileType = sourcecode.c.objc; path = LHStatusToolBarView.m; sourceTree = "<group>"; };
/* End PBXFileReference section */

/* Begin PBXFrameworksBuildPhase section */
		EBD069CA1A7F1F5400EF8209 /* Frameworks */ = {
			isa = PBXFrameworksBuildPhase;
			buildActionMask = 2147483647;
			files = (
			);
			runOnlyForDeploymentPostprocessing = 0;
		};
		EBD069E31A7F1F5400EF8209 /* Frameworks */ = {
			isa = PBXFrameworksBuildPhase;
			buildActionMask = 2147483647;
			files = (
			);
			runOnlyForDeploymentPostprocessing = 0;
		};
/* End PBXFrameworksBuildPhase section */

/* Begin PBXGroup section */
		EB48A69C1A844709008E8098 /* SDWebImage */ = {
			isa = PBXGroup;
			children = (
				EB48A69D1A844709008E8098 /* MKAnnotationView+WebCache.h */,
				EB48A69E1A844709008E8098 /* MKAnnotationView+WebCache.m */,
				EB48A69F1A844709008E8098 /* NSData+ImageContentType.h */,
				EB48A6A01A844709008E8098 /* NSData+ImageContentType.m */,
				EB48A6A11A844709008E8098 /* SDImageCache.h */,
				EB48A6A21A844709008E8098 /* SDImageCache.m */,
				EB48A6A31A844709008E8098 /* SDWebImageCompat.h */,
				EB48A6A41A844709008E8098 /* SDWebImageCompat.m */,
				EB48A6A51A844709008E8098 /* SDWebImageDecoder.h */,
				EB48A6A61A844709008E8098 /* SDWebImageDecoder.m */,
				EB48A6A71A844709008E8098 /* SDWebImageDownloader.h */,
				EB48A6A81A844709008E8098 /* SDWebImageDownloader.m */,
				EB48A6A91A844709008E8098 /* SDWebImageDownloaderOperation.h */,
				EB48A6AA1A844709008E8098 /* SDWebImageDownloaderOperation.m */,
				EB48A6AB1A844709008E8098 /* SDWebImageManager.h */,
				EB48A6AC1A844709008E8098 /* SDWebImageManager.m */,
				EB48A6AD1A844709008E8098 /* SDWebImageOperation.h */,
				EB48A6AE1A844709008E8098 /* SDWebImagePrefetcher.h */,
				EB48A6AF1A844709008E8098 /* SDWebImagePrefetcher.m */,
				EB48A6B01A844709008E8098 /* UIButton+WebCache.h */,
				EB48A6B11A844709008E8098 /* UIButton+WebCache.m */,
				EB48A6B21A844709008E8098 /* UIImage+GIF.h */,
				EB48A6B31A844709008E8098 /* UIImage+GIF.m */,
				EB48A6B41A844709008E8098 /* UIImage+MultiFormat.h */,
				EB48A6B51A844709008E8098 /* UIImage+MultiFormat.m */,
				EB48A6B61A844709008E8098 /* UIImage+WebP.h */,
				EB48A6B71A844709008E8098 /* UIImage+WebP.m */,
				EB48A6B81A844709008E8098 /* UIImageView+HighlightedWebCache.h */,
				EB48A6B91A844709008E8098 /* UIImageView+HighlightedWebCache.m */,
				EB48A6BA1A844709008E8098 /* UIImageView+WebCache.h */,
				EB48A6BB1A844709008E8098 /* UIImageView+WebCache.m */,
				EB48A6BC1A844709008E8098 /* UIView+WebCacheOperation.h */,
				EB48A6BD1A844709008E8098 /* UIView+WebCacheOperation.m */,
			);
			path = SDWebImage;
			sourceTree = "<group>";
		};
		EB48A6CE1A8447F0008E8098 /* MBProgressHUD */ = {
			isa = PBXGroup;
			children = (
				EB48A6CF1A8447F0008E8098 /* MBProgressHUD.h */,
				EB48A6D01A8447F0008E8098 /* MBProgressHUD.m */,
			);
			path = MBProgressHUD;
			sourceTree = "<group>";
		};
		EB7530701A82141200CF72FA /* Lib */ = {
			isa = PBXGroup;
			children = (
				EBD154FF1A8B4317005DDD92 /* MJRefresh */,
				EB48A69C1A844709008E8098 /* SDWebImage */,
				EB48A6CE1A8447F0008E8098 /* MBProgressHUD */,
				EB7530711A82141200CF72FA /* AFNetworking */,
			);
			name = Lib;
			path = others/Lib;
			sourceTree = "<group>";
		};
		EB7530711A82141200CF72FA /* AFNetworking */ = {
			isa = PBXGroup;
			children = (
				EB7530721A82141200CF72FA /* AFHTTPRequestOperation.h */,
				EB7530731A82141200CF72FA /* AFHTTPRequestOperation.m */,
				EB7530741A82141200CF72FA /* AFHTTPRequestOperationManager.h */,
				EB7530751A82141200CF72FA /* AFHTTPRequestOperationManager.m */,
				EB7530761A82141200CF72FA /* AFHTTPSessionManager.h */,
				EB7530771A82141200CF72FA /* AFHTTPSessionManager.m */,
				EB7530781A82141200CF72FA /* AFNetworking.h */,
				EB7530791A82141200CF72FA /* AFNetworkReachabilityManager.h */,
				EB75307A1A82141200CF72FA /* AFNetworkReachabilityManager.m */,
				EB75307B1A82141200CF72FA /* AFSecurityPolicy.h */,
				EB75307C1A82141200CF72FA /* AFSecurityPolicy.m */,
				EB75307D1A82141200CF72FA /* AFURLConnectionOperation.h */,
				EB75307E1A82141200CF72FA /* AFURLConnectionOperation.m */,
				EB75307F1A82141200CF72FA /* AFURLRequestSerialization.h */,
				EB7530801A82141200CF72FA /* AFURLRequestSerialization.m */,
				EB7530811A82141200CF72FA /* AFURLResponseSerialization.h */,
				EB7530821A82141200CF72FA /* AFURLResponseSerialization.m */,
				EB7530831A82141200CF72FA /* AFURLSessionManager.h */,
				EB7530841A82141200CF72FA /* AFURLSessionManager.m */,
			);
			path = AFNetworking;
			sourceTree = "<group>";
		};
		EB8AC4AF1A835BEE00136A8E /* OAuth */ = {
			isa = PBXGroup;
			children = (
				EB8AC4BD1A835C7B00136A8E /* tool */,
				EB8AC4B01A835BEE00136A8E /* controller */,
				EB8AC4B31A835BEE00136A8E /* model */,
			);
			path = OAuth;
			sourceTree = "<group>";
		};
		EB8AC4B01A835BEE00136A8E /* controller */ = {
			isa = PBXGroup;
			children = (
				EB8AC4B11A835BEE00136A8E /* LHOauthViewController.h */,
				EB8AC4B21A835BEE00136A8E /* LHOauthViewController.m */,
			);
			path = controller;
			sourceTree = "<group>";
		};
		EB8AC4B31A835BEE00136A8E /* model */ = {
			isa = PBXGroup;
			children = (
				EB8AC4B41A835BEE00136A8E /* LHWbAccount.h */,
				EB8AC4B51A835BEE00136A8E /* LHWbAccount.m */,
			);
			path = model;
			sourceTree = "<group>";
		};
		EB8AC4B81A835C0300136A8E /* newfeature */ = {
			isa = PBXGroup;
			children = (
				EB8AC4B91A835C0300136A8E /* controller */,
			);
			path = newfeature;
			sourceTree = "<group>";
		};
		EB8AC4B91A835C0300136A8E /* controller */ = {
			isa = PBXGroup;
			children = (
				EB8AC4BA1A835C0300136A8E /* LHNewfeatureViewController.h */,
				EB8AC4BB1A835C0300136A8E /* LHNewfeatureViewController.m */,
			);
			path = controller;
			sourceTree = "<group>";
		};
		EB8AC4BD1A835C7B00136A8E /* tool */ = {
			isa = PBXGroup;
			children = (
				EB8AC4BE1A835C9900136A8E /* LHAccountTool.h */,
				EB8AC4BF1A835C9900136A8E /* LHAccountTool.m */,
			);
			name = tool;
			sourceTree = "<group>";
		};
		EBCEB3421A8B8A250057A277 /* compose */ = {
			isa = PBXGroup;
			children = (
				EBCEB3471A8B92540057A277 /* view */,
				EBCEB3431A8B8A250057A277 /* controller */,
			);
			path = compose;
			sourceTree = "<group>";
		};
		EBCEB3431A8B8A250057A277 /* controller */ = {
			isa = PBXGroup;
			children = (
				EBCEB3441A8B8A3D0057A277 /* LHComposeController.h */,
				EBCEB3451A8B8A3D0057A277 /* LHComposeController.m */,
			);
			path = controller;
			sourceTree = "<group>";
		};
		EBCEB3471A8B92540057A277 /* view */ = {
			isa = PBXGroup;
			children = (
				EBCEB3481A8B92790057A277 /* LHTextView.h */,
				EBCEB3491A8B92790057A277 /* LHTextView.m */,
			);
			path = view;
			sourceTree = "<group>";
		};
		EBD069C41A7F1F5400EF8209 = {
			isa = PBXGroup;
			children = (
				EBD069CF1A7F1F5400EF8209 /* Weibo */,
				EBD069E91A7F1F5400EF8209 /* WeiboTests */,
				EBD069CE1A7F1F5400EF8209 /* Products */,
			);
			sourceTree = "<group>";
		};
		EBD069CE1A7F1F5400EF8209 /* Products */ = {
			isa = PBXGroup;
			children = (
				EBD069CD1A7F1F5400EF8209 /* Weibo.app */,
				EBD069E61A7F1F5400EF8209 /* WeiboTests.xctest */,
			);
			name = Products;
			sourceTree = "<group>";
		};
		EBD069CF1A7F1F5400EF8209 /* Weibo */ = {
			isa = PBXGroup;
			children = (
				EBD06A071A7F72C500EF8209 /* classes */,
				EBD06A051A7F669800EF8209 /* Media.xcassets */,
				EBD069D01A7F1F5400EF8209 /* Supporting Files */,
			);
			path = Weibo;
			sourceTree = "<group>";
		};
		EBD069D01A7F1F5400EF8209 /* Supporting Files */ = {
			isa = PBXGroup;
			children = (
				EBD069D11A7F1F5400EF8209 /* Info.plist */,
			);
			name = "Supporting Files";
			sourceTree = "<group>";
		};
		EBD069E91A7F1F5400EF8209 /* WeiboTests */ = {
			isa = PBXGroup;
			children = (
				EBD069EC1A7F1F5400EF8209 /* WeiboTests.m */,
				EBD069EA1A7F1F5400EF8209 /* Supporting Files */,
			);
			path = WeiboTests;
			sourceTree = "<group>";
		};
		EBD069EA1A7F1F5400EF8209 /* Supporting Files */ = {
			isa = PBXGroup;
			children = (
				EBD069EB1A7F1F5400EF8209 /* Info.plist */,
			);
			name = "Supporting Files";
			sourceTree = "<group>";
		};
		EBD06A071A7F72C500EF8209 /* classes */ = {
			isa = PBXGroup;
			children = (
				EBCEB3421A8B8A250057A277 /* compose */,
				EB8AC4B81A835C0300136A8E /* newfeature */,
				EB8AC4AF1A835BEE00136A8E /* OAuth */,
				EBD06A2B1A7F72E400EF8209 /* other */,
				EBD06A081A7F72C500EF8209 /* discover */,
				EBD06A0E1A7F72C500EF8209 /* home */,
				EBD06A141A7F72C500EF8209 /* main */,
				EBD06A1A1A7F72C500EF8209 /* me */,
				EBD06A201A7F72C500EF8209 /* message */,
			);
			path = classes;
			sourceTree = "<group>";
		};
		EBD06A081A7F72C500EF8209 /* discover */ = {
			isa = PBXGroup;
			children = (
				EBD06A091A7F72C500EF8209 /* controller */,
				EBD06A0C1A7F72C500EF8209 /* model */,
				EBD06A0D1A7F72C500EF8209 /* view */,
			);
			path = discover;
			sourceTree = "<group>";
		};
		EBD06A091A7F72C500EF8209 /* controller */ = {
			isa = PBXGroup;
			children = (
				EBD06A0A1A7F72C500EF8209 /* LHDiscoverTableViewController.h */,
				EBD06A0B1A7F72C500EF8209 /* LHDiscoverTableViewController.m */,
			);
			path = controller;
			sourceTree = "<group>";
		};
		EBD06A0C1A7F72C500EF8209 /* model */ = {
			isa = PBXGroup;
			children = (
			);
			path = model;
			sourceTree = "<group>";
		};
		EBD06A0D1A7F72C500EF8209 /* view */ = {
			isa = PBXGroup;
			children = (
				EBD06A401A80E65600EF8209 /* LHSearchBar.h */,
				EBD06A411A80E65600EF8209 /* LHSearchBar.m */,
			);
			path = view;
			sourceTree = "<group>";
		};
		EBD06A0E1A7F72C500EF8209 /* home */ = {
			isa = PBXGroup;
			children = (
				EBD06A0F1A7F72C500EF8209 /* controller */,
				EBD06A121A7F72C500EF8209 /* model */,
				EBD06A131A7F72C500EF8209 /* view */,
			);
			path = home;
			sourceTree = "<group>";
		};
		EBD06A0F1A7F72C500EF8209 /* controller */ = {
			isa = PBXGroup;
			children = (
				EBD06A101A7F72C500EF8209 /* LHHomeTableViewController.h */,
				EBD06A111A7F72C500EF8209 /* LHHomeTableViewController.m */,
			);
			path = controller;
			sourceTree = "<group>";
		};
		EBD06A121A7F72C500EF8209 /* model */ = {
			isa = PBXGroup;
			children = (
				EB48A6D21A84526C008E8098 /* LHStatuses.h */,
				EB48A6D31A84526C008E8098 /* LhStatuses.m */,
				EB48A6D61A845481008E8098 /* LHUser.m */,
				EB48A6DB1A8491AE008E8098 /* LHStatusFrame.h */,
				EB48A6D51A845481008E8098 /* LHUser.h */,
				EB48A6DC1A8491AE008E8098 /* LHStatusFrame.m */,
			);
			path = model;
			sourceTree = "<group>";
		};
		EBD06A131A7F72C500EF8209 /* view */ = {
			isa = PBXGroup;
			children = (
				EB75305F1A80F36500CF72FA /* LHTitleButton.h */,
				EB7530601A80F36500CF72FA /* LHTitleButton.m */,
				EB48A6D81A847015008E8098 /* LHStatusCell.h */,
				EB48A6D91A847015008E8098 /* LHStatusCell.m */,
				EBE100A11A88E442008262AF /* LHStatusToolBarView.h */,
				EBE100A21A88E442008262AF /* LHStatusToolBarView.m */,
				EBD154941A89CB42005DDD92 /* LHRetweetView.h */,
				EBD154951A89CB42005DDD92 /* LHRetweetView.m */,
				EBD154971A89DB5A005DDD92 /* LHStatusTopView.h */,
				EBD154981A89DB5A005DDD92 /* LHStatusTopView.m */,
			);
			path = view;
			sourceTree = "<group>";
		};
		EBD06A141A7F72C500EF8209 /* main */ = {
			isa = PBXGroup;
			children = (
				EBD06A151A7F72C500EF8209 /* controller */,
				EBD06A181A7F72C500EF8209 /* model */,
				EBD06A191A7F72C500EF8209 /* view */,
			);
			path = main;
			sourceTree = "<group>";
		};
		EBD06A151A7F72C500EF8209 /* controller */ = {
			isa = PBXGroup;
			children = (
				EBD06A161A7F72C500EF8209 /* LHTabBarController.h */,
				EBD06A171A7F72C500EF8209 /* LHTabBarController.m */,
				EBD06A3A1A80AB6400EF8209 /* LHNavigationController.h */,
				EBD06A3B1A80AB6400EF8209 /* LHNavigationController.m */,
			);
			path = controller;
			sourceTree = "<group>";
		};
		EBD06A181A7F72C500EF8209 /* model */ = {
			isa = PBXGroup;
			children = (
			);
			path = model;
			sourceTree = "<group>";
		};
		EBD06A191A7F72C500EF8209 /* view */ = {
			isa = PBXGroup;
			children = (
				EBD06A301A7F83DA00EF8209 /* LHTabBar.h */,
				EBD06A311A7F83DA00EF8209 /* LHTabBar.m */,
				EBD06A331A7FB27C00EF8209 /* LHTabBarButton.h */,
				EBD06A341A7FB27C00EF8209 /* LHTabBarButton.m */,
				EBD06A371A807F8600EF8209 /* LHBadgeButton.h */,
				EBD06A381A807F8600EF8209 /* LHBadgeButton.m */,
			);
			path = view;
			sourceTree = "<group>";
		};
		EBD06A1A1A7F72C500EF8209 /* me */ = {
			isa = PBXGroup;
			children = (
				EBD06A1B1A7F72C500EF8209 /* controller */,
				EBD06A1E1A7F72C500EF8209 /* model */,
				EBD06A1F1A7F72C500EF8209 /* view */,
			);
			path = me;
			sourceTree = "<group>";
		};
		EBD06A1B1A7F72C500EF8209 /* controller */ = {
			isa = PBXGroup;
			children = (
				EBD06A1C1A7F72C500EF8209 /* LHWeTableViewController.h */,
				EBD06A1D1A7F72C500EF8209 /* LHWeTableViewController.m */,
			);
			path = controller;
			sourceTree = "<group>";
		};
		EBD06A1E1A7F72C500EF8209 /* model */ = {
			isa = PBXGroup;
			children = (
			);
			path = model;
			sourceTree = "<group>";
		};
		EBD06A1F1A7F72C500EF8209 /* view */ = {
			isa = PBXGroup;
			children = (
			);
			path = view;
			sourceTree = "<group>";
		};
		EBD06A201A7F72C500EF8209 /* message */ = {
			isa = PBXGroup;
			children = (
				EBD06A211A7F72C500EF8209 /* controller */,
				EBD06A241A7F72C500EF8209 /* model */,
				EBD06A251A7F72C500EF8209 /* view */,
			);
			path = message;
			sourceTree = "<group>";
		};
		EBD06A211A7F72C500EF8209 /* controller */ = {
			isa = PBXGroup;
			children = (
				EBD06A221A7F72C500EF8209 /* LHMessageTableViewController.h */,
				EBD06A231A7F72C500EF8209 /* LHMessageTableViewController.m */,
			);
			path = controller;
			sourceTree = "<group>";
		};
		EBD06A241A7F72C500EF8209 /* model */ = {
			isa = PBXGroup;
			children = (
			);
			path = model;
			sourceTree = "<group>";
		};
		EBD06A251A7F72C500EF8209 /* view */ = {
			isa = PBXGroup;
			children = (
			);
			path = view;
			sourceTree = "<group>";
		};
		EBD06A2B1A7F72E400EF8209 /* other */ = {
			isa = PBXGroup;
			children = (
				EB7530701A82141200CF72FA /* Lib */,
				EBD06A2C1A7F7FD900EF8209 /* Category */,
				EBD069D21A7F1F5400EF8209 /* main.m */,
				EBD069D41A7F1F5400EF8209 /* AppDelegate.h */,
				EBD069D51A7F1F5400EF8209 /* AppDelegate.m */,
			);
			name = other;
			sourceTree = "<group>";
		};
		EBD06A2C1A7F7FD900EF8209 /* Category */ = {
			isa = PBXGroup;
			children = (
				EBD06A2D1A7F802400EF8209 /* UIImage+LH.h */,
				EBD06A2E1A7F802400EF8209 /* UIImage+LH.m */,
				EBD06A361A7FC96400EF8209 /* public.h */,
				EBD06A3D1A80C8C800EF8209 /* UIBarButtonItem+LH.h */,
				EBD06A3E1A80C8C800EF8209 /* UIBarButtonItem+LH.m */,
				EB8AC4AC1A83575900136A8E /* LHWeiboTool.h */,
				EB8AC4AD1A83575900136A8E /* LHWeiboTool.m */,
				EB48A6DE1A889F40008E8098 /* NSDate+LH.h */,
				EB48A6DF1A889F40008E8098 /* NSDate+LH.m */,
			);
			name = Category;
			sourceTree = "<group>";
		};
		EBD154FF1A8B4317005DDD92 /* MJRefresh */ = {
			isa = PBXGroup;
			children = (
				EBD155001A8B4317005DDD92 /* MJRefresh.bundle */,
				EBD155011A8B4317005DDD92 /* MJRefresh.h */,
				EBD155021A8B4317005DDD92 /* MJRefreshBaseView.h */,
				EBD155031A8B4317005DDD92 /* MJRefreshBaseView.m */,
				EBD155041A8B4317005DDD92 /* MJRefreshConst.h */,
				EBD155051A8B4317005DDD92 /* MJRefreshConst.m */,
				EBD155061A8B4317005DDD92 /* MJRefreshFooterView.h */,
				EBD155071A8B4317005DDD92 /* MJRefreshFooterView.m */,
				EBD155081A8B4317005DDD92 /* MJRefreshHeaderView.h */,
				EBD155091A8B4317005DDD92 /* MJRefreshHeaderView.m */,
			);
			path = MJRefresh;
			sourceTree = "<group>";
		};
/* End PBXGroup section */

/* Begin PBXNativeTarget section */
		EBD069CC1A7F1F5400EF8209 /* Weibo */ = {
			isa = PBXNativeTarget;
			buildConfigurationList = EBD069F01A7F1F5400EF8209 /* Build configuration list for PBXNativeTarget "Weibo" */;
			buildPhases = (
				EBD069C91A7F1F5400EF8209 /* Sources */,
				EBD069CA1A7F1F5400EF8209 /* Frameworks */,
				EBD069CB1A7F1F5400EF8209 /* Resources */,
			);
			buildRules = (
			);
			dependencies = (
			);
			name = Weibo;
			productName = Weibo;
			productReference = EBD069CD1A7F1F5400EF8209 /* Weibo.app */;
			productType = "com.apple.product-type.application";
		};
		EBD069E51A7F1F5400EF8209 /* WeiboTests */ = {
			isa = PBXNativeTarget;
			buildConfigurationList = EBD069F31A7F1F5400EF8209 /* Build configuration list for PBXNativeTarget "WeiboTests" */;
			buildPhases = (
				EBD069E21A7F1F5400EF8209 /* Sources */,
				EBD069E31A7F1F5400EF8209 /* Frameworks */,
				EBD069E41A7F1F5400EF8209 /* Resources */,
			);
			buildRules = (
			);
			dependencies = (
				EBD069E81A7F1F5400EF8209 /* PBXTargetDependency */,
			);
			name = WeiboTests;
			productName = WeiboTests;
			productReference = EBD069E61A7F1F5400EF8209 /* WeiboTests.xctest */;
			productType = "com.apple.product-type.bundle.unit-test";
		};
/* End PBXNativeTarget section */

/* Begin PBXProject section */
		EBD069C51A7F1F5400EF8209 /* Project object */ = {
			isa = PBXProject;
			attributes = {
				LastUpgradeCheck = 0610;
				ORGANIZATIONNAME = lh;
				TargetAttributes = {
					EBD069CC1A7F1F5400EF8209 = {
						CreatedOnToolsVersion = 6.1.1;
					};
					EBD069E51A7F1F5400EF8209 = {
						CreatedOnToolsVersion = 6.1.1;
						TestTargetID = EBD069CC1A7F1F5400EF8209;
					};
				};
			};
			buildConfigurationList = EBD069C81A7F1F5400EF8209 /* Build configuration list for PBXProject "Weibo" */;
			compatibilityVersion = "Xcode 3.2";
			developmentRegion = English;
			hasScannedForEncodings = 0;
			knownRegions = (
				en,
				Base,
			);
			mainGroup = EBD069C41A7F1F5400EF8209;
			productRefGroup = EBD069CE1A7F1F5400EF8209 /* Products */;
			projectDirPath = "";
			projectRoot = "";
			targets = (
				EBD069CC1A7F1F5400EF8209 /* Weibo */,
				EBD069E51A7F1F5400EF8209 /* WeiboTests */,
			);
		};
/* End PBXProject section */

/* Begin PBXResourcesBuildPhase section */
		EBD069CB1A7F1F5400EF8209 /* Resources */ = {
			isa = PBXResourcesBuildPhase;
			buildActionMask = 2147483647;
			files = (
				EBD1550A1A8B4317005DDD92 /* MJRefresh.bundle in Resources */,
				EBD06A061A7F669800EF8209 /* Media.xcassets in Resources */,
			);
			runOnlyForDeploymentPostprocessing = 0;
		};
		EBD069E41A7F1F5400EF8209 /* Resources */ = {
			isa = PBXResourcesBuildPhase;
			buildActionMask = 2147483647;
			files = (
			);
			runOnlyForDeploymentPostprocessing = 0;
		};
/* End PBXResourcesBuildPhase section */

/* Begin PBXSourcesBuildPhase section */
		EBD069C91A7F1F5400EF8209 /* Sources */ = {
			isa = PBXSourcesBuildPhase;
			buildActionMask = 2147483647;
			files = (
				EB8AC4AE1A83575900136A8E /* LHWeiboTool.m in Sources */,
				EBCEB3461A8B8A3D0057A277 /* LHComposeController.m in Sources */,
				EB7530851A82141200CF72FA /* AFHTTPRequestOperation.m in Sources */,
				EB48A6C51A844709008E8098 /* SDWebImageManager.m in Sources */,
				EB48A6C61A844709008E8098 /* SDWebImagePrefetcher.m in Sources */,
				EBD06A391A807F8600EF8209 /* LHBadgeButton.m in Sources */,
				EBD06A261A7F72C500EF8209 /* LHDiscoverTableViewController.m in Sources */,
				EBD06A321A7F83DA00EF8209 /* LHTabBar.m in Sources */,
				EB48A6CD1A844709008E8098 /* UIView+WebCacheOperation.m in Sources */,
				EBD06A2A1A7F72C500EF8209 /* LHMessageTableViewController.m in Sources */,
				EB48A6C41A844709008E8098 /* SDWebImageDownloaderOperation.m in Sources */,
				EBCEB34A1A8B92790057A277 /* LHTextView.m in Sources */,
				EB48A6D41A84526C008E8098 /* LhStatuses.m in Sources */,
				EBD06A271A7F72C500EF8209 /* LHHomeTableViewController.m in Sources */,
				EB7530871A82141200CF72FA /* AFHTTPSessionManager.m in Sources */,
				EB48A6DA1A847015008E8098 /* LHStatusCell.m in Sources */,
				EB8AC4B61A835BEE00136A8E /* LHOauthViewController.m in Sources */,
				EBD06A281A7F72C500EF8209 /* LHTabBarController.m in Sources */,
				EBD06A291A7F72C500EF8209 /* LHWeTableViewController.m in Sources */,
				EB7530881A82141200CF72FA /* AFNetworkReachabilityManager.m in Sources */,
				EB8AC4BC1A835C0300136A8E /* LHNewfeatureViewController.m in Sources */,
				EB75308D1A82141200CF72FA /* AFURLSessionManager.m in Sources */,
				EB7530611A80F36500CF72FA /* LHTitleButton.m in Sources */,
				EB48A6C81A844709008E8098 /* UIImage+GIF.m in Sources */,
				EBD06A3C1A80AB6400EF8209 /* LHNavigationController.m in Sources */,
				EB48A6D71A845481008E8098 /* LHUser.m in Sources */,
				EBD1550C1A8B4317005DDD92 /* MJRefreshConst.m in Sources */,
				EB75308A1A82141200CF72FA /* AFURLConnectionOperation.m in Sources */,
				EB8AC4B71A835BEE00136A8E /* LHWbAccount.m in Sources */,
				EB48A6CC1A844709008E8098 /* UIImageView+WebCache.m in Sources */,
				EB48A6DD1A8491AE008E8098 /* LHStatusFrame.m in Sources */,
				EBD1550B1A8B4317005DDD92 /* MJRefreshBaseView.m in Sources */,
				EB75308C1A82141200CF72FA /* AFURLResponseSerialization.m in Sources */,
				EB48A6D11A8447F0008E8098 /* MBProgressHUD.m in Sources */,
				EB48A6C71A844709008E8098 /* UIButton+WebCache.m in Sources */,
				EB48A6C31A844709008E8098 /* SDWebImageDownloader.m in Sources */,
				EB48A6CA1A844709008E8098 /* UIImage+WebP.m in Sources */,
				EB48A6C91A844709008E8098 /* UIImage+MultiFormat.m in Sources */,
				EBD069D61A7F1F5400EF8209 /* AppDelegate.m in Sources */,
				EB75308B1A82141200CF72FA /* AFURLRequestSerialization.m in Sources */,
				EBD06A351A7FB27C00EF8209 /* LHTabBarButton.m in Sources */,
				EB48A6C11A844709008E8098 /* SDWebImageCompat.m in Sources */,
				EBD1550E1A8B4317005DDD92 /* MJRefreshHeaderView.m in Sources */,
				EBD069D31A7F1F5400EF8209 /* main.m in Sources */,
				EB48A6C21A844709008E8098 /* SDWebImageDecoder.m in Sources */,
				EBD1550D1A8B4317005DDD92 /* MJRefreshFooterView.m in Sources */,
				EB48A6C01A844709008E8098 /* SDImageCache.m in Sources */,
				EB48A6BE1A844709008E8098 /* MKAnnotationView+WebCache.m in Sources */,
				EBD06A421A80E65600EF8209 /* LHSearchBar.m in Sources */,
				EB48A6E01A889F40008E8098 /* NSDate+LH.m in Sources */,
				EBD154991A89DB5A005DDD92 /* LHStatusTopView.m in Sources */,
				EBD06A2F1A7F802400EF8209 /* UIImage+LH.m in Sources */,
				EB7530861A82141200CF72FA /* AFHTTPRequestOperationManager.m in Sources */,
				EBE100A31A88E442008262AF /* LHStatusToolBarView.m in Sources */,
				EB7530891A82141200CF72FA /* AFSecurityPolicy.m in Sources */,
				EBD154961A89CB42005DDD92 /* LHRetweetView.m in Sources */,
				EB48A6BF1A844709008E8098 /* NSData+ImageContentType.m in Sources */,
				EB48A6CB1A844709008E8098 /* UIImageView+HighlightedWebCache.m in Sources */,
				EB8AC4C01A835C9900136A8E /* LHAccountTool.m in Sources */,
				EBD06A3F1A80C8C800EF8209 /* UIBarButtonItem+LH.m in Sources */,
			);
			runOnlyForDeploymentPostprocessing = 0;
		};
		EBD069E21A7F1F5400EF8209 /* Sources */ = {
			isa = PBXSourcesBuildPhase;
			buildActionMask = 2147483647;
			files = (
				EBD069ED1A7F1F5400EF8209 /* WeiboTests.m in Sources */,
			);
			runOnlyForDeploymentPostprocessing = 0;
		};
/* End PBXSourcesBuildPhase section */

/* Begin PBXTargetDependency section */
		EBD069E81A7F1F5400EF8209 /* PBXTargetDependency */ = {
			isa = PBXTargetDependency;
			target = EBD069CC1A7F1F5400EF8209 /* Weibo */;
			targetProxy = EBD069E71A7F1F5400EF8209 /* PBXContainerItemProxy */;
		};
/* End PBXTargetDependency section */

/* Begin XCBuildConfiguration section */
		EBD069EE1A7F1F5400EF8209 /* Debug */ = {
			isa = XCBuildConfiguration;
			buildSettings = {
				ALWAYS_SEARCH_USER_PATHS = NO;
				CLANG_CXX_LANGUAGE_STANDARD = "gnu++0x";
				CLANG_CXX_LIBRARY = "libc++";
				CLANG_ENABLE_MODULES = YES;
				CLANG_ENABLE_OBJC_ARC = YES;
				CLANG_WARN_BOOL_CONVERSION = YES;
				CLANG_WARN_CONSTANT_CONVERSION = YES;
				CLANG_WARN_DIRECT_OBJC_ISA_USAGE = YES_ERROR;
				CLANG_WARN_EMPTY_BODY = YES;
				CLANG_WARN_ENUM_CONVERSION = YES;
				CLANG_WARN_INT_CONVERSION = YES;
				CLANG_WARN_OBJC_ROOT_CLASS = YES_ERROR;
				CLANG_WARN_UNREACHABLE_CODE = YES;
				CLANG_WARN__DUPLICATE_METHOD_MATCH = YES;
				"CODE_SIGN_IDENTITY[sdk=iphoneos*]" = "iPhone Developer";
				COPY_PHASE_STRIP = NO;
				ENABLE_STRICT_OBJC_MSGSEND = YES;
				GCC_C_LANGUAGE_STANDARD = gnu99;
				GCC_DYNAMIC_NO_PIC = NO;
				GCC_OPTIMIZATION_LEVEL = 0;
				GCC_PREPROCESSOR_DEFINITIONS = (
					"DEBUG=1",
					"$(inherited)",
				);
				GCC_SYMBOLS_PRIVATE_EXTERN = NO;
				GCC_WARN_64_TO_32_BIT_CONVERSION = YES;
				GCC_WARN_ABOUT_RETURN_TYPE = YES_ERROR;
				GCC_WARN_UNDECLARED_SELECTOR = YES;
				GCC_WARN_UNINITIALIZED_AUTOS = YES_AGGRESSIVE;
				GCC_WARN_UNUSED_FUNCTION = YES;
				GCC_WARN_UNUSED_VARIABLE = YES;
				IPHONEOS_DEPLOYMENT_TARGET = 8.1;
				MTL_ENABLE_DEBUG_INFO = YES;
				ONLY_ACTIVE_ARCH = YES;
				SDKROOT = iphoneos;
			};
			name = Debug;
		};
		EBD069EF1A7F1F5400EF8209 /* Release */ = {
			isa = XCBuildConfiguration;
			buildSettings = {
				ALWAYS_SEARCH_USER_PATHS = NO;
				CLANG_CXX_LANGUAGE_STANDARD = "gnu++0x";
				CLANG_CXX_LIBRARY = "libc++";
				CLANG_ENABLE_MODULES = YES;
				CLANG_ENABLE_OBJC_ARC = YES;
				CLANG_WARN_BOOL_CONVERSION = YES;
				CLANG_WARN_CONSTANT_CONVERSION = YES;
				CLANG_WARN_DIRECT_OBJC_ISA_USAGE = YES_ERROR;
				CLANG_WARN_EMPTY_BODY = YES;
				CLANG_WARN_ENUM_CONVERSION = YES;
				CLANG_WARN_INT_CONVERSION = YES;
				CLANG_WARN_OBJC_ROOT_CLASS = YES_ERROR;
				CLANG_WARN_UNREACHABLE_CODE = YES;
				CLANG_WARN__DUPLICATE_METHOD_MATCH = YES;
				"CODE_SIGN_IDENTITY[sdk=iphoneos*]" = "iPhone Developer";
				COPY_PHASE_STRIP = YES;
				ENABLE_NS_ASSERTIONS = NO;
				ENABLE_STRICT_OBJC_MSGSEND = YES;
				GCC_C_LANGUAGE_STANDARD = gnu99;
				GCC_WARN_64_TO_32_BIT_CONVERSION = YES;
				GCC_WARN_ABOUT_RETURN_TYPE = YES_ERROR;
				GCC_WARN_UNDECLARED_SELECTOR = YES;
				GCC_WARN_UNINITIALIZED_AUTOS = YES_AGGRESSIVE;
				GCC_WARN_UNUSED_FUNCTION = YES;
				GCC_WARN_UNUSED_VARIABLE = YES;
				IPHONEOS_DEPLOYMENT_TARGET = 8.1;
				MTL_ENABLE_DEBUG_INFO = NO;
				SDKROOT = iphoneos;
				VALIDATE_PRODUCT = YES;
			};
			name = Release;
		};
		EBD069F11A7F1F5400EF8209 /* Debug */ = {
			isa = XCBuildConfiguration;
			buildSettings = {
				ASSETCATALOG_COMPILER_APPICON_NAME = AppIcon;
				INFOPLIST_FILE = Weibo/Info.plist;
				IPHONEOS_DEPLOYMENT_TARGET = 7.0;
				LD_RUNPATH_SEARCH_PATHS = "$(inherited) @executable_path/Frameworks";
				PRODUCT_NAME = "$(TARGET_NAME)";
				TARGETED_DEVICE_FAMILY = "1,2";
			};
			name = Debug;
		};
		EBD069F21A7F1F5400EF8209 /* Release */ = {
			isa = XCBuildConfiguration;
			buildSettings = {
				ASSETCATALOG_COMPILER_APPICON_NAME = AppIcon;
				INFOPLIST_FILE = Weibo/Info.plist;
				IPHONEOS_DEPLOYMENT_TARGET = 7.0;
				LD_RUNPATH_SEARCH_PATHS = "$(inherited) @executable_path/Frameworks";
				PRODUCT_NAME = "$(TARGET_NAME)";
				TARGETED_DEVICE_FAMILY = "1,2";
			};
			name = Release;
		};
		EBD069F41A7F1F5400EF8209 /* Debug */ = {
			isa = XCBuildConfiguration;
			buildSettings = {
				BUNDLE_LOADER = "$(TEST_HOST)";
				FRAMEWORK_SEARCH_PATHS = (
					"$(SDKROOT)/Developer/Library/Frameworks",
					"$(inherited)",
				);
				GCC_PREPROCESSOR_DEFINITIONS = (
					"DEBUG=1",
					"$(inherited)",
				);
				INFOPLIST_FILE = WeiboTests/Info.plist;
				LD_RUNPATH_SEARCH_PATHS = "$(inherited) @executable_path/Frameworks @loader_path/Frameworks";
				PRODUCT_NAME = "$(TARGET_NAME)";
				TEST_HOST = "$(BUILT_PRODUCTS_DIR)/Weibo.app/Weibo";
			};
			name = Debug;
		};
		EBD069F51A7F1F5400EF8209 /* Release */ = {
			isa = XCBuildConfiguration;
			buildSettings = {
				BUNDLE_LOADER = "$(TEST_HOST)";
				FRAMEWORK_SEARCH_PATHS = (
					"$(SDKROOT)/Developer/Library/Frameworks",
					"$(inherited)",
				);
				INFOPLIST_FILE = WeiboTests/Info.plist;
				LD_RUNPATH_SEARCH_PATHS = "$(inherited) @executable_path/Frameworks @loader_path/Frameworks";
				PRODUCT_NAME = "$(TARGET_NAME)";
				TEST_HOST = "$(BUILT_PRODUCTS_DIR)/Weibo.app/Weibo";
			};
			name = Release;
		};
/* End XCBuildConfiguration section */

/* Begin XCConfigurationList section */
		EBD069C81A7F1F5400EF8209 /* Build configuration list for PBXProject "Weibo" */ = {
			isa = XCConfigurationList;
			buildConfigurations = (
				EBD069EE1A7F1F5400EF8209 /* Debug */,
				EBD069EF1A7F1F5400EF8209 /* Release */,
			);
			defaultConfigurationIsVisible = 0;
			defaultConfigurationName = Release;
		};
		EBD069F01A7F1F5400EF8209 /* Build configuration list for PBXNativeTarget "Weibo" */ = {
			isa = XCConfigurationList;
			buildConfigurations = (
				EBD069F11A7F1F5400EF8209 /* Debug */,
				EBD069F21A7F1F5400EF8209 /* Release */,
			);
			defaultConfigurationIsVisible = 0;
			defaultConfigurationName = Release;
		};
		EBD069F31A7F1F5400EF8209 /* Build configuration list for PBXNativeTarget "WeiboTests" */ = {
			isa = XCConfigurationList;
			buildConfigurations = (
				EBD069F41A7F1F5400EF8209 /* Debug */,
				EBD069F51A7F1F5400EF8209 /* Release */,
			);
			defaultConfigurationIsVisible = 0;
			defaultConfigurationName = Release;
		};
/* End XCConfigurationList section */
	};
	rootObject = EBD069C51A7F1F5400EF8209 /* Project object */;
}
